
Microsoft Visual Studio Solution File, Format Version 12.00
# Visual Studio Version 16
VisualStudioVersion = 16.0.30011.22
MinimumVisualStudioVersion = 10.0.40219.1
Project("{9A19103F-16F7-4668-BE54-9A1E7A4F7556}") = "BlazorWebAssemblyApp", "BlazorWebAssemblyApp\BlazorWebAssemblyApp.csproj", "{3FB2E3ED-5607-403A-8EEB-D019FEFDD959}"
EndProject
Project("{9A19103F-16F7-4668-BE54-9A1E7A4F7556}") = "BlazorWebAssemblyApisite", "BlazorWebAssemblyApisite\BlazorWebAssemblyApisite.csproj", "{6239F4D1-1CC4-47FA-86F3-0F2D89D8C39D}"
EndProject
Project("{9A19103F-16F7-4668-BE54-9A1E7A4F7556}") = "BlazorWasmDataBind", "BlazorWasmDataBind\BlazorWasmDataBind.csproj", "{223C8943-7319-4EBA-AF1D-2DA66287FB67}"
EndProject
Project("{9A19103F-16F7-4668-BE54-9A1E7A4F7556}") = "BlazorWasmComponent", "BlazorWasmComponent\BlazorWasmComponent.csproj", "{7197D394-6961-426B-8D82-2BAB7DA5E5FF}"
EndProject
Global
	GlobalSection(SolutionConfigurationPlatforms) = preSolution
		Debug|Any CPU = Debug|Any CPU
		Release|Any CPU = Release|Any CPU
	EndGlobalSection
	GlobalSection(ProjectConfigurationPlatforms) = postSolution
		{3FB2E3ED-5607-403A-8EEB-D019FEFDD959}.Debug|Any CPU.ActiveCfg = Debug|Any CPU
		{3FB2E3ED-5607-403A-8EEB-D019FEFDD959}.Debug|Any CPU.Build.0 = Debug|Any CPU
		{3FB2E3ED-5607-403A-8EEB-D019FEFDD959}.Release|Any CPU.ActiveCfg = Release|Any CPU
		{3FB2E3ED-5607-403A-8EEB-D019FEFDD959}.Release|Any CPU.Build.0 = Release|Any CPU
		{6239F4D1-1CC4-47FA-86F3-0F2D89D8C39D}.Debug|Any CPU.ActiveCfg = Debug|Any CPU
		{6239F4D1-1CC4-47FA-86F3-0F2D89D8C39D}.Debug|Any CPU.Build.0 = Debug|Any CPU
		{6239F4D1-1CC4-47FA-86F3-0F2D89D8C39D}.Release|Any CPU.ActiveCfg = Release|Any CPU
		{6239F4D1-1CC4-47FA-86F3-0F2D89D8C39D}.Release|Any CPU.Build.0 = Release|Any CPU
		{223C8943-7319-4EBA-AF1D-2DA66287FB67}.Debug|Any CPU.ActiveCfg = Debug|Any CPU
		{223C8943-7319-4EBA-AF1D-2DA66287FB67}.Debug|Any CPU.Build.0 = Debug|Any CPU
		{223C8943-7319-4EBA-AF1D-2DA66287FB67}.Release|Any CPU.ActiveCfg = Release|Any CPU
		{223C8943-7319-4EBA-AF1D-2DA66287FB67}.Release|Any CPU.Build.0 = Release|Any CPU
		{7197D394-6961-426B-8D82-2BAB7DA5E5FF}.Debug|Any CPU.ActiveCfg = Debug|Any CPU
		{7197D394-6961-426B-8D82-2BAB7DA5E5FF}.Debug|Any CPU.Build.0 = Debug|Any CPU
		{7197D394-6961-426B-8D82-2BAB7DA5E5FF}.Release|Any CPU.ActiveCfg = Release|Any CPU
		{7197D394-6961-426B-8D82-2BAB7DA5E5FF}.Release|Any CPU.Build.0 = Release|Any CPU
	EndGlobalSection
	GlobalSection(SolutionProperties) = preSolution
		HideSolutionNode = FALSE
	EndGlobalSection
	GlobalSection(ExtensibilityGlobals) = postSolution
		SolutionGuid = {98E02B92-7934-490C-962B-6C394D154B8A}
	EndGlobalSection
EndGlobal
